
Microsoft Visual Studio Solution File, Format Version 12.00
# Visual Studio Version 17
VisualStudioVersion = 17.3.32929.385
MinimumVisualStudioVersion = 10.0.40219.1
Project("{FAE04EC0-301F-11D3-BF4B-00C04F79EFBC}") = "Basic2", "Basic2.csproj", "{16C82EE6-9AAC-47B6-9C4F-5886FECBB7FB}"
EndProject
Global
	GlobalSection(SolutionConfigurationPlatforms) = preSolution
		Debug|Any CPU = Debug|Any CPU
		Release|Any CPU = Release|Any CPU
	EndGlobalSection
	GlobalSection(ProjectConfigurationPlatforms) = postSolution
		{16C82EE6-9AAC-47B6-9C4F-5886FECBB7FB}.Debug|Any CPU.ActiveCfg = Debug|Any CPU
		{16C82EE6-9AAC-47B6-9C4F-5886FECBB7FB}.Debug|Any CPU.Build.0 = Debug|Any CPU
		{16C82EE6-9AAC-47B6-9C4F-5886FECBB7FB}.Release|Any CPU.ActiveCfg = Release|Any CPU
		{16C82EE6-9AAC-47B6-9C4F-5886FECBB7FB}.Release|Any CPU.Build.0 = Release|Any CPU
	EndGlobalSection
	GlobalSection(SolutionProperties) = preSolution
		HideSolutionNode = FALSE
	EndGlobalSection
	GlobalSection(ExtensibilityGlobals) = postSolution
		SolutionGuid = {AD76A462-5A8C-4FB6-B23E-BAAF28F35F90}
	EndGlobalSection
EndGlobal
